Microsoft Visual Studio Solution File, Format Version 12.00
# Visual Studio 2012
Project("{FAE04EC0-301F-11D3-BF4B-00C04F79EFBC}") = "wat", "wat.csproj", "{EB4BEC8C-4F62-485B-93CF-56AA2B85DA8D}"
EndProject
Global
	GlobalSection(SolutionConfigurationPlatforms) = preSolution
	Debug|Any CPU = Debug|Any CPU
	ExportDebug|Any CPU = ExportDebug|Any CPU
	ExportRelease|Any CPU = ExportRelease|Any CPU
	EndGlobalSection
	GlobalSection(ProjectConfigurationPlatforms) = postSolution
		{EB4BEC8C-4F62-485B-93CF-56AA2B85DA8D}.Debug|Any CPU.ActiveCfg = Debug|Any CPU
		{EB4BEC8C-4F62-485B-93CF-56AA2B85DA8D}.Debug|Any CPU.Build.0 = Debug|Any CPU
		{EB4BEC8C-4F62-485B-93CF-56AA2B85DA8D}.ExportDebug|Any CPU.ActiveCfg = ExportDebug|Any CPU
		{EB4BEC8C-4F62-485B-93CF-56AA2B85DA8D}.ExportDebug|Any CPU.Build.0 = ExportDebug|Any CPU
		{EB4BEC8C-4F62-485B-93CF-56AA2B85DA8D}.ExportRelease|Any CPU.ActiveCfg = ExportRelease|Any CPU
		{EB4BEC8C-4F62-485B-93CF-56AA2B85DA8D}.ExportRelease|Any CPU.Build.0 = ExportRelease|Any CPU
	EndGlobalSection
EndGlobal
